// !$*UTF8*$!
{
	archiveVersion = 1;
	classes = {
	};
	objectVersion = 46;
	objects = {

		12F3A109FCDEC8E7876E8E2A = { isa = PBXBuildFile; fileRef = 0137A2F36841BEE8C2BF07BF; };
		5E61AB508349B2ED3A965390 = { isa = PBXBuildFile; fileRef = C6FE22ED711F3A4F929943F4; };
		C16E30469C0025426F145523 = { isa = PBXBuildFile; fileRef = 1D7935F42674EEF5A81B01F9; };
		F2DEE6248EF231655B6172A8 = { isa = PBXBuildFile; fileRef = 9CD04DBBD6BD1679ED2F73BF; };
		E5C224B21B29D8D45EC623F5 = { isa = PBXBuildFile; fileRef = 23AEA3993A335E63099D5161; };
		6C8EDD8674505FC3BB151648 = { isa = PBXBuildFile; fileRef = 019E20A3894B872E3141DD48; };
		43CA93A63178081CFA44DD6B = { isa = PBXBuildFile; fileRef = B383CDF0345E5F5416F18808; };
		5D5DE5E6C31E890605BDB10F = { isa = PBXBuildFile; fileRef = 0D15F53E6058D2D29D06B6EA; };
		5F01175A77538ACD98208866 = { isa = PBXBuildFile; fileRef = 00E684004350ABE8189B36E5; };
		E105D57B09C3A4CE3E1B10E0 = { isa = PBXBuildFile; fileRef = C88711F2FDB1B16FEC226851; };
		D8A5E9B4F82F245CE3D58346 = { isa = PBXBuildFile; fileRef = 35A9C82B3318957B9ED574EB; };
		C44F9B34A309DE99A5403162 = { isa = PBXBuildFile; fileRef = 8C2CE224DA77002538194294; };
		DC8152AA99B068AD95EB0081 = { isa = PBXBuildFile; fileRef = 3EB16924001783BA5680E33F; };
		29CFFB7724B9FDA4ABBB1B0A = { isa = PBXBuildFile; fileRef = 2A27378887EBAA1151A96B62; };
		586F84ED3116744F53435659 = { isa = PBXBuildFile; fileRef = 5DDBA765E13293999EB64613; };
		B24ABF63E93322330DC9C4DB = { isa = PBXBuildFile; fileRef = 5C895B20A3C5166722F2B5D0; };
		29FF05853F339B659B568201 = { isa = PBXBuildFile; fileRef = E7DE18F8FFDFC902E620B46D; };
		83257A358846CCD3A25CF2F7 = { isa = PBXBuildFile; fileRef = 848B21792D0F80857AC5677C; };
		66329C91ACC3018F9FFB8ADF = { isa = PBXBuildFile; fileRef = 164C6F50064EC04366C57B57; };
		493F354CDA96D023566B8976 = { isa = PBXBuildFile; fileRef = DF854A013A280E36D7FAF832; };
		32871F03B73C65C0A9EE8B43 = { isa = PBXBuildFile; fileRef = 7E33EF9EA358A61AFF8164EE; };
		46D5D9C5759B4D9154C47660 = { isa = PBXBuildFile; fileRef = D18F0964A865B55B22F60A6F; };
		0677D33C510B46C510258384 = { isa = PBXBuildFile; fileRef = 9A8B9D69054B1FF073AE643D; };
		00E684004350ABE8189B36E5 = { isa = PBXFileReference; lastKnownFileType = sourcecode.cpp.cpp; name = CApp.cpp; path = ../../Sources/CApp.cpp; sourceTree = "SOURCE_ROOT"; };
		0137A2F36841BEE8C2BF07BF = { isa = PBXFileReference; lastKnownFileType = file.nib; name = RecentFilesMenuTemplate.nib; path = RecentFilesMenuTemplate.nib; sourceTree = "SOURCE_ROOT"; };
		019E20A3894B872E3141DD48 = { isa = PBXFileReference; lastKnownFileType = sourcecode.cpp.cpp; name = ParamImp.cpp; path = ../../Sources/ParamImp.cpp; sourceTree = "SOURCE_ROOT"; };
		05ACF9EFBD9E184996786EBD = { isa = PBXFileReference; lastKnownFileType = sourcecode.c.h; name = CDeckFader.h; path = ../../Sources/CDeckFader.h; sourceTree = "SOURCE_ROOT"; };
		0D15F53E6058D2D29D06B6EA = { isa = PBXFileReference; lastKnownFileType = sourcecode.cpp.cpp; name = ReaderPlayable.cpp; path = ../../Sources/ReaderPlayable.cpp; sourceTree = "SOURCE_ROOT"; };
		12F36781F6B4F402BCF5E223 = { isa = PBXFileReference; lastKnownFileType = sourcecode.c.h; name = AutoLimiter.h; path = ../../Sources/AutoLimiter.h; sourceTree = "SOURCE_ROOT"; };
		140B38C53D67498BACE3BAC2 = { isa = PBXFileReference; lastKnownFileType = sourcecode.c.h; name = CApp.h; path = ../../Sources/CApp.h; sourceTree = "SOURCE_ROOT"; };
		1601F081CFBDEF95E5AF2017 = { isa = PBXFileReference; explicitFileType = wrapper.application; includeInIndex = 0; path = SimpleDJ.app; sourceTree = "BUILT_PRODUCTS_DIR"; };
		164C6F50064EC04366C57B57 = { isa = PBXFileReference; lastKnownFileType = sourcecode.cpp.cpp; name = "vf_core.cpp"; path = "../../../Extern/VFLib/modules/vf_core/vf_core.cpp"; sourceTree = "SOURCE_ROOT"; };
		1D7935F42674EEF5A81B01F9 = { isa = PBXFileReference; lastKnownFileType = sourcecode.cpp.cpp; name = FileManager.cpp; path = ../../Sources/FileManager.cpp; sourceTree = "SOURCE_ROOT"; };
		23AEA3993A335E63099D5161 = { isa = PBXFileReference; lastKnownFileType = sourcecode.cpp.cpp; name = Param.cpp; path = ../../Sources/Param.cpp; sourceTree = "SOURCE_ROOT"; };
		23CD9D78EDDFEA79143C54C7 = { isa = PBXFileReference; lastKnownFileType = sourcecode.c.h; name = CDeckMixer.h; path = ../../Sources/CDeckMixer.h; sourceTree = "SOURCE_ROOT"; };
		2A27378887EBAA1151A96B62 = { isa = PBXFileReference; lastKnownFileType = sourcecode.cpp.cpp; name = CLevelMeter.cpp; path = ../../Sources/CLevelMeter.cpp; sourceTree = "SOURCE_ROOT"; };
		2CFF50309D72C9AD4111DAB2 = { isa = PBXFileReference; lastKnownFileType = sourcecode.c.h; name = Deck.h; path = ../../Sources/Deck.h; sourceTree = "SOURCE_ROOT"; };
		35A9C82B3318957B9ED574EB = { isa = PBXFileReference; lastKnownFileType = sourcecode.cpp.cpp; name = CDeck.cpp; path = ../../Sources/CDeck.cpp; sourceTree = "SOURCE_ROOT"; };
		3BF1FBF52D8C3F002CB20387 = { isa = PBXFileReference; lastKnownFileType = sourcecode.c.h; name = CSpeedControl.h; path = ../../Sources/CSpeedControl.h; sourceTree = "SOURCE_ROOT"; };
		3EB16924001783BA5680E33F = { isa = PBXFileReference; lastKnownFileType = sourcecode.cpp.cpp; name = CDeckMixer.cpp; path = ../../Sources/CDeckMixer.cpp; sourceTree = "SOURCE_ROOT"; };
		3EF072FFDD5E607BBBEF755A = { isa = PBXFileReference; lastKnownFileType = sourcecode.c.h; name = Param.h; path = ../../Sources/Param.h; sourceTree = "SOURCE_ROOT"; };
		42F9556574F9FA5FFC7F253A = { isa = PBXFileReference; lastKnownFileType = sourcecode.c.h; name = CParamToggleButton.h; path = ../../Sources/CParamToggleButton.h; sourceTree = "SOURCE_ROOT"; };
		529405F80CE3D9DA6D566184 = { isa = PBXFileReference; lastKnownFileType = text.plist.xml; name = Info.plist; path = Info.plist; sourceTree = "SOURCE_ROOT"; };
		5696398C1AA7345AF6AB4136 = { isa = PBXFileReference; lastKnownFileType = sourcecode.c.h; name = Playable.h; path = ../../Sources/Playable.h; sourceTree = "SOURCE_ROOT"; };
		5C895B20A3C5166722F2B5D0 = { isa = PBXFileReference; lastKnownFileType = sourcecode.cpp.cpp; name = CMainWindow.cpp; path = ../../Sources/CMainWindow.cpp; sourceTree = "SOURCE_ROOT"; };
		5D543832530FE58EAA22AC21 = { isa = PBXFileReference; lastKnownFileType = sourcecode.c.h; name = CMainWindow.h; path = ../../Sources/CMainWindow.h; sourceTree = "SOURCE_ROOT"; };
		5DDBA765E13293999EB64613 = { isa = PBXFileReference; lastKnownFileType = sourcecode.cpp.cpp; name = CMain.cpp; path = ../../Sources/CMain.cpp; sourceTree = "SOURCE_ROOT"; };
		65F7A3DCC331C74092659140 = { isa = PBXFileReference; lastKnownFileType = sourcecode.c.h; name = Params.h; path = ../../Sources/Params.h; sourceTree = "SOURCE_ROOT"; };
		6BDA0F8954A424B845EE5823 = { isa = PBXFileReference; lastKnownFileType = sourcecode.c.h; name = AppConfig.h; path = ../../JuceLibraryCode/AppConfig.h; sourceTree = "SOURCE_ROOT"; };
		70150A240128E4750664D41F = { isa = PBXFileReference; lastKnownFileType = sourcecode.c.h; name = StandardIncludes.h; path = ../../Sources/StandardIncludes.h; sourceTree = "SOURCE_ROOT"; };
		7E33EF9EA358A61AFF8164EE = { isa = PBXFileReference; lastKnownFileType = file.c; name = "vf_freetype.c"; path = "../../../Extern/VFLib/modules/vf_freetype/vf_freetype.c"; sourceTree = "SOURCE_ROOT"; };
		848B21792D0F80857AC5677C = { isa = PBXFileReference; lastKnownFileType = sourcecode.cpp.cpp; name = CSpeedControl.cpp; path = ../../Sources/CSpeedControl.cpp; sourceTree = "SOURCE_ROOT"; };
		887CD17C6141458A15EC5E18 = { isa = PBXFileReference; lastKnownFileType = sourcecode.c.h; name = CDeck.h; path = ../../Sources/CDeck.h; sourceTree = "SOURCE_ROOT"; };
		8894C429D39C7E56AD89ACCE = { isa = PBXFileReference; lastKnownFileType = sourcecode.c.h; name = CMain.h; path = ../../Sources/CMain.h; sourceTree = "SOURCE_ROOT"; };
		8C2CE224DA77002538194294 = { isa = PBXFileReference; lastKnownFileType = sourcecode.cpp.cpp; name = CDeckLevelMeter.cpp; path = ../../Sources/CDeckLevelMeter.cpp; sourceTree = "SOURCE_ROOT"; };
		8CF759DFEC93293C91F95B95 = { isa = PBXFileReference; lastKnownFileType = sourcecode.c.h; name = Mixer.h; path = ../../Sources/Mixer.h; sourceTree = "SOURCE_ROOT"; };
		9A8B9D69054B1FF073AE643D = { isa = PBXFileReference; lastKnownFileType = sourcecode.cpp.cpp; name = "vf_taglib.cpp"; path = "../../../Extern/VFLib/modules/vf_taglib/vf_taglib.cpp"; sourceTree = "SOURCE_ROOT"; };
		9CD04DBBD6BD1679ED2F73BF = { isa = PBXFileReference; lastKnownFileType = sourcecode.cpp.cpp; name = Mixer.cpp; path = ../../Sources/Mixer.cpp; sourceTree = "SOURCE_ROOT"; };
		A0C28666850A1BBD50977C81 = { isa = PBXFileReference; lastKnownFileType = sourcecode.c.h; name = ReaderPlayable.h; path = ../../Sources/ReaderPlayable.h; sourceTree = "SOURCE_ROOT"; };
		B383CDF0345E5F5416F18808 = { isa = PBXFileReference; lastKnownFileType = sourcecode.cpp.cpp; name = Params.cpp; path = ../../Sources/Params.cpp; sourceTree = "SOURCE_ROOT"; };
		B78C4C65765A55046B640AF6 = { isa = PBXFileReference; lastKnownFileType = sourcecode.c.h; name = CDeckLevelMeter.h; path = ../../Sources/CDeckLevelMeter.h; sourceTree = "SOURCE_ROOT"; };
		BA5A4822ACAFDCA0FB3964B0 = { isa = PBXFileReference; lastKnownFileType = sourcecode.c.h; name = ParamImp.h; path = ../../Sources/ParamImp.h; sourceTree = "SOURCE_ROOT"; };
		C6FE22ED711F3A4F929943F4 = { isa = PBXFileReference; lastKnownFileType = sourcecode.cpp.cpp; name = Deck.cpp; path = ../../Sources/Deck.cpp; sourceTree = "SOURCE_ROOT"; };
		C88711F2FDB1B16FEC226851 = { isa = PBXFileReference; lastKnownFileType = sourcecode.cpp.cpp; name = CDeckFader.cpp; path = ../../Sources/CDeckFader.cpp; sourceTree = "SOURCE_ROOT"; };
		CF7AE1708B2EC5B1FC9AB08D = { isa = PBXFileReference; lastKnownFileType = sourcecode.c.h; name = JuceHeader.h; path = ../../JuceLibraryCode/JuceHeader.h; sourceTree = "SOURCE_ROOT"; };
		D18F0964A865B55B22F60A6F = { isa = PBXFileReference; lastKnownFileType = sourcecode.cpp.cpp; name = "vf_gui.cpp"; path = "../../../Extern/VFLib/modules/vf_gui/vf_gui.cpp"; sourceTree = "SOURCE_ROOT"; };
		DF854A013A280E36D7FAF832 = { isa = PBXFileReference; lastKnownFileType = sourcecode.cpp.cpp; name = "vf_concurrent.cpp"; path = "../../../Extern/VFLib/modules/vf_concurrent/vf_concurrent.cpp"; sourceTree = "SOURCE_ROOT"; };
		E507F3593E93BFBC95FE0EC7 = { isa = PBXFileReference; lastKnownFileType = sourcecode.c.h; name = PeakDetector.h; path = ../../Sources/PeakDetector.h; sourceTree = "SOURCE_ROOT"; };
		E7DE18F8FFDFC902E620B46D = { isa = PBXFileReference; lastKnownFileType = sourcecode.cpp.cpp; name = CParamToggleButton.cpp; path = ../../Sources/CParamToggleButton.cpp; sourceTree = "SOURCE_ROOT"; };
		ECD1A469D3E872F448A88762 = { isa = PBXFileReference; lastKnownFileType = sourcecode.c.h; name = FileManager.h; path = ../../Sources/FileManager.h; sourceTree = "SOURCE_ROOT"; };
		FE3C44448A64B2226F5478A9 = { isa = PBXFileReference; lastKnownFileType = sourcecode.c.h; name = CLevelMeter.h; path = ../../Sources/CLevelMeter.h; sourceTree = "SOURCE_ROOT"; };
		55FC086F28CF7BC76F4E4E4E = { isa = PBXGroup; children = (
				12F36781F6B4F402BCF5E223,
				C6FE22ED711F3A4F929943F4,
				2CFF50309D72C9AD4111DAB2,
				1D7935F42674EEF5A81B01F9,
				ECD1A469D3E872F448A88762,
				9CD04DBBD6BD1679ED2F73BF,
				8CF759DFEC93293C91F95B95,
				23AEA3993A335E63099D5161,
				3EF072FFDD5E607BBBEF755A,
				019E20A3894B872E3141DD48,
				BA5A4822ACAFDCA0FB3964B0,
				B383CDF0345E5F5416F18808,
				65F7A3DCC331C74092659140,
				E507F3593E93BFBC95FE0EC7,
				5696398C1AA7345AF6AB4136,
				0D15F53E6058D2D29D06B6EA,
				A0C28666850A1BBD50977C81,
				70150A240128E4750664D41F ); name = Core; sourceTree = "<group>"; };
		37248260B77434A43412BCE5 = { isa = PBXGroup; children = (
				00E684004350ABE8189B36E5,
				05ACF9EFBD9E184996786EBD,
				C88711F2FDB1B16FEC226851,
				140B38C53D67498BACE3BAC2,
				35A9C82B3318957B9ED574EB,
				887CD17C6141458A15EC5E18,
				8C2CE224DA77002538194294,
				B78C4C65765A55046B640AF6,
				3EB16924001783BA5680E33F,
				23CD9D78EDDFEA79143C54C7,
				2A27378887EBAA1151A96B62,
				FE3C44448A64B2226F5478A9,
				5DDBA765E13293999EB64613,
				8894C429D39C7E56AD89ACCE,
				5C895B20A3C5166722F2B5D0,
				5D543832530FE58EAA22AC21,
				E7DE18F8FFDFC902E620B46D,
				42F9556574F9FA5FFC7F253A,
				848B21792D0F80857AC5677C,
				3BF1FBF52D8C3F002CB20387 ); name = Gui; sourceTree = "<group>"; };
		A682FFDC419072F6A28FD18F = { isa = PBXGroup; children = (
				164C6F50064EC04366C57B57,
				DF854A013A280E36D7FAF832,
				7E33EF9EA358A61AFF8164EE,
				D18F0964A865B55B22F60A6F,
				9A8B9D69054B1FF073AE643D ); name = "VFLib Modules"; sourceTree = "<group>"; };
		16028EFBBA6623FC8C65DF5A = { isa = PBXGroup; children = (
				55FC086F28CF7BC76F4E4E4E,
				37248260B77434A43412BCE5,
				A682FFDC419072F6A28FD18F ); name = SimpleDJ; sourceTree = "<group>"; };
		68F72D6FCD3D00B460F53556 = { isa = PBXGroup; children = (
				6BDA0F8954A424B845EE5823,
				CF7AE1708B2EC5B1FC9AB08D ); name = "Juce Library Code"; sourceTree = "<group>"; };
		45AFBAA2D9DCEB68FF1C1A4D = { isa = PBXGroup; children = (
				529405F80CE3D9DA6D566184,
				0137A2F36841BEE8C2BF07BF ); name = Resources; sourceTree = "<group>"; };
		8BC7D920AEA488A27085FA64 = { isa = PBXGroup; children = (  ); name = Frameworks; sourceTree = "<group>"; };
		CF589E4FE84A286847855512 = { isa = PBXGroup; children = (
				1601F081CFBDEF95E5AF2017 ); name = Products; sourceTree = "<group>"; };
		4C3B0749C3A0CABD60E26594 = { isa = PBXGroup; children = (
				16028EFBBA6623FC8C65DF5A,
				68F72D6FCD3D00B460F53556,
				45AFBAA2D9DCEB68FF1C1A4D,
				8BC7D920AEA488A27085FA64,
				CF589E4FE84A286847855512 ); name = Source; sourceTree = "<group>"; };
		3C6F65431C2455C577FDE345 = { isa = XCBuildConfiguration; buildSettings = {
				HEADER_SEARCH_PATHS = "../../JuceLibraryCode ../../../Extern/JUCE ../../../Extern/VFLib $(inherited)";
				GCC_OPTIMIZATION_LEVEL = 0;
				INFOPLIST_FILE = Info.plist;
				INSTALL_PATH = "$(HOME)/Applications";
				MACOSX_DEPLOYMENT_TARGET_ppc = 10.4;
				SDKROOT_ppc = macosx10.5;
				GCC_VERSION = com.apple.compilers.llvm.clang.1_0;
				CLANG_CXX_LANGUAGE_STANDARD = "c++0x";
				COMBINE_HIDPI_IMAGES = YES;
				ONLY_ACTIVE_ARCH = YES;
				COPY_PHASE_STRIP = NO;
				GCC_DYNAMIC_NO_PIC = NO;
				GCC_PREPROCESSOR_DEFINITIONS = (
				"_DEBUG=1",
				"DEBUG=1",
				"JUCER_XCODE_MAC_F6D2F4CF=1"); }; name = Debug; };
		BC90FC9429A10CABF41FE8C0 = { isa = XCBuildConfiguration; buildSettings = {
				HEADER_SEARCH_PATHS = "../../JuceLibraryCode ../../../Extern/JUCE ../../../Extern/VFLib $(inherited)";
				GCC_OPTIMIZATION_LEVEL = s;
				INFOPLIST_FILE = Info.plist;
				INSTALL_PATH = "$(HOME)/Applications";
				MACOSX_DEPLOYMENT_TARGET_ppc = 10.4;
				SDKROOT_ppc = macosx10.5;
				GCC_VERSION = com.apple.compilers.llvm.clang.1_0;
				CLANG_CXX_LANGUAGE_STANDARD = "c++0x";
				COMBINE_HIDPI_IMAGES = YES;
				GCC_GENERATE_DEBUGGING_SYMBOLS = NO;
				GCC_SYMBOLS_PRIVATE_EXTERN = YES;
				GCC_PREPROCESSOR_DEFINITIONS = (
				"_NDEBUG=1",
				"NDEBUG=1",
				"JUCER_XCODE_MAC_F6D2F4CF=1"); }; name = Release; };
		AE1ED691F14076C5163DED8E = { isa = XCBuildConfiguration; buildSettings = {
				ALWAYS_SEARCH_USER_PATHS = NO;
				GCC_C_LANGUAGE_STANDARD = c99;
				GCC_WARN_ABOUT_RETURN_TYPE = YES;
				GCC_WARN_CHECK_SWITCH_STATEMENTS = YES;
				GCC_WARN_UNUSED_VARIABLE = YES;
				GCC_WARN_MISSING_PARENTHESES = YES;
				GCC_WARN_NON_VIRTUAL_DESTRUCTOR = YES;
				GCC_WARN_TYPECHECK_CALLS_TO_PRINTF = YES;
				WARNING_CFLAGS = -Wreorder;
				GCC_MODEL_TUNING = G5;
				GCC_INLINES_ARE_PRIVATE_EXTERN = YES;
				ZERO_LINK = NO;
				DEBUG_INFORMATION_FORMAT = "dwarf";
				PRODUCT_NAME = "SimpleDJ"; }; name = Debug; };
		767F72B0B4DDF2F0E5371F93 = { isa = XCBuildConfiguration; buildSettings = {
				ALWAYS_SEARCH_USER_PATHS = NO;
				GCC_C_LANGUAGE_STANDARD = c99;
				GCC_WARN_ABOUT_RETURN_TYPE = YES;
				GCC_WARN_CHECK_SWITCH_STATEMENTS = YES;
				GCC_WARN_UNUSED_VARIABLE = YES;
				GCC_WARN_MISSING_PARENTHESES = YES;
				GCC_WARN_NON_VIRTUAL_DESTRUCTOR = YES;
				GCC_WARN_TYPECHECK_CALLS_TO_PRINTF = YES;
				WARNING_CFLAGS = -Wreorder;
				GCC_MODEL_TUNING = G5;
				GCC_INLINES_ARE_PRIVATE_EXTERN = YES;
				ZERO_LINK = NO;
				DEBUG_INFORMATION_FORMAT = "dwarf";
				PRODUCT_NAME = "SimpleDJ"; }; name = Release; };
		1AD8A9F38C90357A32AC9995 = { isa = XCConfigurationList; buildConfigurations = (
				AE1ED691F14076C5163DED8E,
				767F72B0B4DDF2F0E5371F93 ); defaultConfigurationIsVisible = 0; defaultConfigurationName = Debug; };
		2BAE1216F0B2CE79D4FC8C5F = { isa = XCConfigurationList; buildConfigurations = (
				3C6F65431C2455C577FDE345,
				BC90FC9429A10CABF41FE8C0 ); defaultConfigurationIsVisible = 0; defaultConfigurationName = Debug; };
		81FD48481B1F4ED349FE4477 = { isa = PBXResourcesBuildPhase; buildActionMask = 2147483647; files = (
				12F3A109FCDEC8E7876E8E2A ); runOnlyForDeploymentPostprocessing = 0; };
		ED589F526A26547AA98E5544 = { isa = PBXSourcesBuildPhase; buildActionMask = 2147483647; files = (
				5E61AB508349B2ED3A965390,
				C16E30469C0025426F145523,
				F2DEE6248EF231655B6172A8,
				E5C224B21B29D8D45EC623F5,
				6C8EDD8674505FC3BB151648,
				43CA93A63178081CFA44DD6B,
				5D5DE5E6C31E890605BDB10F,
				5F01175A77538ACD98208866,
				E105D57B09C3A4CE3E1B10E0,
				D8A5E9B4F82F245CE3D58346,
				C44F9B34A309DE99A5403162,
				DC8152AA99B068AD95EB0081,
				29CFFB7724B9FDA4ABBB1B0A,
				586F84ED3116744F53435659,
				B24ABF63E93322330DC9C4DB,
				29FF05853F339B659B568201,
				83257A358846CCD3A25CF2F7,
				66329C91ACC3018F9FFB8ADF,
				493F354CDA96D023566B8976,
				32871F03B73C65C0A9EE8B43,
				46D5D9C5759B4D9154C47660,
				0677D33C510B46C510258384 ); runOnlyForDeploymentPostprocessing = 0; };
		F9B26045524CA6C97C5F035B = { isa = PBXFrameworksBuildPhase; buildActionMask = 2147483647; files = (  ); runOnlyForDeploymentPostprocessing = 0; };
		CBB6DB80A402401F2BA52076 = { isa = PBXNativeTarget; buildConfigurationList = 2BAE1216F0B2CE79D4FC8C5F; buildPhases = (
				81FD48481B1F4ED349FE4477,
				ED589F526A26547AA98E5544,
				F9B26045524CA6C97C5F035B ); buildRules = ( ); dependencies = ( ); name = SimpleDJ; productName = SimpleDJ; productReference = 1601F081CFBDEF95E5AF2017; productInstallPath = "$(HOME)/Applications"; productType = "com.apple.product-type.application"; };
		E87FCEC841BE38BF90CE24EF = { isa = PBXProject; buildConfigurationList = 1AD8A9F38C90357A32AC9995; attributes = { LastUpgradeCheck = 0440; }; compatibilityVersion = "Xcode 3.2"; hasScannedForEncodings = 0; mainGroup = 4C3B0749C3A0CABD60E26594; projectDirPath = ""; projectRoot = ""; targets = ( CBB6DB80A402401F2BA52076 ); };
	};
	rootObject = E87FCEC841BE38BF90CE24EF;
}
