<?xml version="1.0" encoding="utf-8"?>

<Project ToolsVersion="4.0" xmlns="http://schemas.microsoft.com/developer/msbuild/2003">
  <ItemGroup>
    <Filter Include="MIDIPlayer">
      <UniqueIdentifier>{92189D4D-1AAB-C04E-6466-AF35289F2237}</UniqueIdentifier>
    </Filter>
    <Filter Include="MIDIPlayer\BinaryData">
      <UniqueIdentifier>{E32CE10C-6A17-B723-5F58-3F67C68FEA0A}</UniqueIdentifier>
    </Filter>
    <Filter Include="MIDIPlayer\Source">
      <UniqueIdentifier>{F0E7BAD1-9135-EEA4-C13F-B769786DB96F}</UniqueIdentifier>
    </Filter>
    <Filter Include="Juce Library Code">
      <UniqueIdentifier>{8B4D1BAA-6DB4-CAEC-A0FA-271F354D5C61}</UniqueIdentifier>
    </Filter>
  </ItemGroup>
  <ItemGroup>
    <ClCompile Include="..\..\BinaryData\about.gif">
      <Filter>MIDIPlayer\BinaryData</Filter>
    </ClCompile>
    <ClCompile Include="..\..\BinaryData\back.gif">
      <Filter>MIDIPlayer\BinaryData</Filter>
    </ClCompile>
    <ClCompile Include="..\..\BinaryData\icon.gif">
      <Filter>MIDIPlayer\BinaryData</Filter>
    </ClCompile>
    <ClCompile Include="..\..\BinaryData\open.gif">
      <Filter>MIDIPlayer\BinaryData</Filter>
    </ClCompile>
    <ClCompile Include="..\..\BinaryData\pause.gif">
      <Filter>MIDIPlayer\BinaryData</Filter>
    </ClCompile>
    <ClCompile Include="..\..\BinaryData\play.gif">
      <Filter>MIDIPlayer\BinaryData</Filter>
    </ClCompile>
    <ClCompile Include="..\..\BinaryData\setup.gif">
      <Filter>MIDIPlayer\BinaryData</Filter>
    </ClCompile>
    <ClCompile Include="..\..\Source\MidiPlayer.cpp">
      <Filter>MIDIPlayer\Source</Filter>
    </ClCompile>
    <ClCompile Include="..\..\Source\ControlBar.cpp">
      <Filter>MIDIPlayer\Source</Filter>
    </ClCompile>
    <ClCompile Include="..\..\Source\BaseComp.cpp">
      <Filter>MIDIPlayer\Source</Filter>
    </ClCompile>
    <ClCompile Include="..\..\Source\MainWindow.cpp">
      <Filter>MIDIPlayer\Source</Filter>
    </ClCompile>
    <ClCompile Include="..\..\Source\Main.cpp">
      <Filter>MIDIPlayer\Source</Filter>
    </ClCompile>
    <ClCompile Include="..\..\JuceLibraryCode\BinaryData.cpp">
      <Filter>Juce Library Code</Filter>
    </ClCompile>
    <ClCompile Include="..\..\..\JUCE\modules\juce_audio_basics\juce_audio_basics.cpp">
      <Filter>Juce Library Code</Filter>
    </ClCompile>
    <ClCompile Include="..\..\..\JUCE\modules\juce_audio_devices\juce_audio_devices.cpp">
      <Filter>Juce Library Code</Filter>
    </ClCompile>
    <ClCompile Include="..\..\..\JUCE\modules\juce_audio_formats\juce_audio_formats.cpp">
      <Filter>Juce Library Code</Filter>
    </ClCompile>
    <ClCompile Include="..\..\..\JUCE\modules\juce_audio_processors\juce_audio_processors.cpp">
      <Filter>Juce Library Code</Filter>
    </ClCompile>
    <ClCompile Include="..\..\..\JUCE\modules\juce_audio_utils\juce_audio_utils.cpp">
      <Filter>Juce Library Code</Filter>
    </ClCompile>
    <ClCompile Include="..\..\..\JUCE\modules\juce_core\juce_core.cpp">
      <Filter>Juce Library Code</Filter>
    </ClCompile>
    <ClCompile Include="..\..\..\JUCE\modules\juce_data_structures\juce_data_structures.cpp">
      <Filter>Juce Library Code</Filter>
    </ClCompile>
    <ClCompile Include="..\..\..\JUCE\modules\juce_events\juce_events.cpp">
      <Filter>Juce Library Code</Filter>
    </ClCompile>
    <ClCompile Include="..\..\..\JUCE\modules\juce_graphics\juce_graphics.cpp">
      <Filter>Juce Library Code</Filter>
    </ClCompile>
    <ClCompile Include="..\..\..\JUCE\modules\juce_gui_basics\juce_gui_basics.cpp">
      <Filter>Juce Library Code</Filter>
    </ClCompile>
    <ClCompile Include="..\..\..\JUCE\modules\juce_gui_extra\juce_gui_extra.cpp">
      <Filter>Juce Library Code</Filter>
    </ClCompile>
  </ItemGroup>
  <ItemGroup>
    <ClInclude Include="..\..\Source\HelpAndAbout.h">
      <Filter>MIDIPlayer\Source</Filter>
    </ClInclude>
    <ClInclude Include="..\..\Source\MidiPlayer.h">
      <Filter>MIDIPlayer\Source</Filter>
    </ClInclude>
    <ClInclude Include="..\..\Source\ControlBar.h">
      <Filter>MIDIPlayer\Source</Filter>
    </ClInclude>
    <ClInclude Include="..\..\Source\BaseComp.h">
      <Filter>MIDIPlayer\Source</Filter>
    </ClInclude>
    <ClInclude Include="..\..\Source\MainWindow.h">
      <Filter>MIDIPlayer\Source</Filter>
    </ClInclude>
    <ClInclude Include="..\..\JuceLibraryCode\AppConfig.h">
      <Filter>Juce Library Code</Filter>
    </ClInclude>
    <ClInclude Include="..\..\JuceLibraryCode\BinaryData.h">
      <Filter>Juce Library Code</Filter>
    </ClInclude>
    <ClInclude Include="..\..\JuceLibraryCode\JuceHeader.h">
      <Filter>Juce Library Code</Filter>
    </ClInclude>
  </ItemGroup>
  <ItemGroup>
    <None Include=".\icon.ico">
      <Filter>Juce Library Code</Filter>
    </None>
  </ItemGroup>
  <ItemGroup>
    <ResourceCompile Include=".\resources.rc">
      <Filter>Juce Library Code</Filter>
    </ResourceCompile>
  </ItemGroup>
</Project>
