// !$*UTF8*$!
{
	archiveVersion = 1;
	classes = {
	};
	objectVersion = 46;
	objects = {

		14CBD16817B4C5469C5079A9 = { isa = PBXBuildFile; fileRef = C2F8B1D8D5D5800F67BEA836; };
		FECD8159CF5008F0D278BC04 = { isa = PBXBuildFile; fileRef = 2BB05DD0F9E340AC66F8098F; };
		0D69208102A85131286BF508 = { isa = PBXBuildFile; fileRef = 99A044806A7443F1ED2B1F55; };
		D9742659C7E150F351E9996D = { isa = PBXBuildFile; fileRef = 53E38B3786814A49FBC012A0; };
		24A8633E67875CC8B27451AD = { isa = PBXBuildFile; fileRef = D17FAD3E181206B2C3A7C7C2; };
		3740D1F94722B5D0C6099285 = { isa = PBXBuildFile; fileRef = 0BDC6A1C39D04E1A6690159F; };
		CEE56E63626166C39DC8AC0E = { isa = PBXBuildFile; fileRef = D1059197067AA5D0274D7C84; };
		4F2338B8A9924376C5F00335 = { isa = PBXBuildFile; fileRef = FE2EF795717A7D24CCA9E407; };
		44A35B0836CBF5573F7DD3DD = { isa = PBXBuildFile; fileRef = 7B3F4129375D173624B25912; };
		47A7A0B8B02579317BD2075E = { isa = PBXBuildFile; fileRef = 6FCC4927265ABB1D7391C149; };
		307C3162B563405B5616F31F = { isa = PBXBuildFile; fileRef = C5679C0B77AFB0F8E32F2AE1; };
		9A11CB8129C290A700A97929 = { isa = PBXBuildFile; fileRef = DDE3AC9204C55E54D691F783; };
		927251711DA682E62FDB1746 = { isa = PBXBuildFile; fileRef = 213F20F81F475EE2B3C59B1A; };
		445903247D768267973B951F = { isa = PBXBuildFile; fileRef = 93C547174F7D69EDDE5BB1D3; };
		8F2EAD396B5B32E3D95C2554 = { isa = PBXBuildFile; fileRef = 7F6A27BFBD5365811D6E98E7; };
		41062712EDC622D504A1E9E6 = { isa = PBXBuildFile; fileRef = 8D7256F45A3036A1126B98D6; };
		4E44E4326B3B8A1232C06BF1 = { isa = PBXBuildFile; fileRef = 3B84377F410F1998AE1530FE; };
		B2F47CF98BE461EADE3BB25B = { isa = PBXBuildFile; fileRef = 385F6C6E7239ABD285930E35; };
		D8B2C059BDF7C0FA107D3141 = { isa = PBXBuildFile; fileRef = A361DE06DDF8523CA58344B8; };
		93209181F008EA26C99A3B1D = { isa = PBXBuildFile; fileRef = A8DD5CD918389AD3EA5A6DA1; };
		66A2AB081ED4DFD12B86D685 = { isa = PBXBuildFile; fileRef = 15D84F6E166242852B281BEB; };
		C1276865A9DCEB3A8A7B3178 = { isa = PBXBuildFile; fileRef = E41F65AF56AF7E76AC219838; };
		60552C2CBD018B35FA6F72D6 = { isa = PBXBuildFile; fileRef = E5B40E8AEA40BDD790EBA14C; };
		67E7BD99D4A4D15FD7BEBD32 = { isa = PBXBuildFile; fileRef = 1E2C0FC48BD05EE8E773349E; };
		F8CE0D9454E01495FFCAB7B6 = { isa = PBXBuildFile; fileRef = 9481E9A54D0A92FDF61C6B6B; };
		41BB4A5D720E9B20FAB44881 = { isa = PBXBuildFile; fileRef = 26F40CC3674D6E1F3A0EE9BF; };
		26197D741276E4A00490FD05 = { isa = PBXBuildFile; fileRef = 09D0368A996C6896E446F17F; };
		02D5C91154C54B0E90E4C359 = { isa = PBXFileReference; lastKnownFileType = image.gif; name = play.gif; path = ../../BinaryData/play.gif; sourceTree = "SOURCE_ROOT"; };
		09863C14030F9259CE6C8C22 = { isa = PBXFileReference; lastKnownFileType = sourcecode.c.h; name = BaseComp.h; path = ../../Source/BaseComp.h; sourceTree = "SOURCE_ROOT"; };
		09D0368A996C6896E446F17F = { isa = PBXFileReference; lastKnownFileType = sourcecode.cpp.objcpp; name = "juce_gui_extra.mm"; path = "../../../JUCE/modules/juce_gui_extra/juce_gui_extra.mm"; sourceTree = "SOURCE_ROOT"; };
		0BDC6A1C39D04E1A6690159F = { isa = PBXFileReference; lastKnownFileType = wrapper.framework; name = DiscRecording.framework; path = System/Library/Frameworks/DiscRecording.framework; sourceTree = SDKROOT; };
		15D84F6E166242852B281BEB = { isa = PBXFileReference; lastKnownFileType = sourcecode.cpp.objcpp; name = "juce_audio_utils.mm"; path = "../../../JUCE/modules/juce_audio_utils/juce_audio_utils.mm"; sourceTree = "SOURCE_ROOT"; };
		185FDD452E99C2523544E882 = { isa = PBXFileReference; lastKnownFileType = image.gif; name = setup.gif; path = ../../BinaryData/setup.gif; sourceTree = "SOURCE_ROOT"; };
		1E2C0FC48BD05EE8E773349E = { isa = PBXFileReference; lastKnownFileType = sourcecode.cpp.objcpp; name = "juce_events.mm"; path = "../../../JUCE/modules/juce_events/juce_events.mm"; sourceTree = "SOURCE_ROOT"; };
		213F20F81F475EE2B3C59B1A = { isa = PBXFileReference; lastKnownFileType = sourcecode.cpp.cpp; name = BaseComp.cpp; path = ../../Source/BaseComp.cpp; sourceTree = "SOURCE_ROOT"; };
		26F40CC3674D6E1F3A0EE9BF = { isa = PBXFileReference; lastKnownFileType = sourcecode.cpp.objcpp; name = "juce_gui_basics.mm"; path = "../../../JUCE/modules/juce_gui_basics/juce_gui_basics.mm"; sourceTree = "SOURCE_ROOT"; };
		2BB05DD0F9E340AC66F8098F = { isa = PBXFileReference; lastKnownFileType = wrapper.framework; name = Carbon.framework; path = System/Library/Frameworks/Carbon.framework; sourceTree = SDKROOT; };
		35CE85CD9B873488ED3B445F = { isa = PBXFileReference; lastKnownFileType = sourcecode.c.h; name = BinaryData.h; path = ../../JuceLibraryCode/BinaryData.h; sourceTree = "SOURCE_ROOT"; };
		385F6C6E7239ABD285930E35 = { isa = PBXFileReference; lastKnownFileType = sourcecode.cpp.objcpp; name = "juce_audio_devices.mm"; path = "../../../JUCE/modules/juce_audio_devices/juce_audio_devices.mm"; sourceTree = "SOURCE_ROOT"; };
		3AB47B12F73A5964BB757348 = { isa = PBXFileReference; lastKnownFileType = image.gif; name = back.gif; path = ../../BinaryData/back.gif; sourceTree = "SOURCE_ROOT"; };
		3B84377F410F1998AE1530FE = { isa = PBXFileReference; lastKnownFileType = sourcecode.cpp.objcpp; name = "juce_audio_basics.mm"; path = "../../../JUCE/modules/juce_audio_basics/juce_audio_basics.mm"; sourceTree = "SOURCE_ROOT"; };
		4B011F4BBF11D41C291B28FC = { isa = PBXFileReference; lastKnownFileType = image.gif; name = pause.gif; path = ../../BinaryData/pause.gif; sourceTree = "SOURCE_ROOT"; };
		53E38B3786814A49FBC012A0 = { isa = PBXFileReference; lastKnownFileType = wrapper.framework; name = CoreAudio.framework; path = System/Library/Frameworks/CoreAudio.framework; sourceTree = SDKROOT; };
		566194EFFDB86E61FB4D7BF2 = { isa = PBXFileReference; lastKnownFileType = image.gif; name = open.gif; path = ../../BinaryData/open.gif; sourceTree = "SOURCE_ROOT"; };
		6FCC4927265ABB1D7391C149 = { isa = PBXFileReference; lastKnownFileType = file.icns; name = Icon.icns; path = Icon.icns; sourceTree = "SOURCE_ROOT"; };
		7B3F4129375D173624B25912 = { isa = PBXFileReference; lastKnownFileType = wrapper.framework; name = WebKit.framework; path = System/Library/Frameworks/WebKit.framework; sourceTree = SDKROOT; };
		7F6A27BFBD5365811D6E98E7 = { isa = PBXFileReference; lastKnownFileType = sourcecode.cpp.cpp; name = Main.cpp; path = ../../Source/Main.cpp; sourceTree = "SOURCE_ROOT"; };
		801DCD2E9C951D100E2D03B4 = { isa = PBXFileReference; lastKnownFileType = image.gif; name = about.gif; path = ../../BinaryData/about.gif; sourceTree = "SOURCE_ROOT"; };
		8D7256F45A3036A1126B98D6 = { isa = PBXFileReference; lastKnownFileType = sourcecode.cpp.cpp; name = BinaryData.cpp; path = ../../JuceLibraryCode/BinaryData.cpp; sourceTree = "SOURCE_ROOT"; };
		93C547174F7D69EDDE5BB1D3 = { isa = PBXFileReference; lastKnownFileType = sourcecode.cpp.cpp; name = MainWindow.cpp; path = ../../Source/MainWindow.cpp; sourceTree = "SOURCE_ROOT"; };
		9481E9A54D0A92FDF61C6B6B = { isa = PBXFileReference; lastKnownFileType = sourcecode.cpp.objcpp; name = "juce_graphics.mm"; path = "../../../JUCE/modules/juce_graphics/juce_graphics.mm"; sourceTree = "SOURCE_ROOT"; };
		99A044806A7443F1ED2B1F55 = { isa = PBXFileReference; lastKnownFileType = wrapper.framework; name = Cocoa.framework; path = System/Library/Frameworks/Cocoa.framework; sourceTree = SDKROOT; };
		9D793A705241E4A58F923A1B = { isa = PBXFileReference; lastKnownFileType = text.plist.xml; name = Info.plist; path = Info.plist; sourceTree = "SOURCE_ROOT"; };
		A361DE06DDF8523CA58344B8 = { isa = PBXFileReference; lastKnownFileType = sourcecode.cpp.objcpp; name = "juce_audio_formats.mm"; path = "../../../JUCE/modules/juce_audio_formats/juce_audio_formats.mm"; sourceTree = "SOURCE_ROOT"; };
		A3F3B26891D3050BC5B89FCB = { isa = PBXFileReference; lastKnownFileType = sourcecode.c.h; name = MainWindow.h; path = ../../Source/MainWindow.h; sourceTree = "SOURCE_ROOT"; };
		A8DD5CD918389AD3EA5A6DA1 = { isa = PBXFileReference; lastKnownFileType = sourcecode.cpp.objcpp; name = "juce_audio_processors.mm"; path = "../../../JUCE/modules/juce_audio_processors/juce_audio_processors.mm"; sourceTree = "SOURCE_ROOT"; };
		B2D263A5578369125DD4F7D5 = { isa = PBXFileReference; lastKnownFileType = sourcecode.c.h; name = ControlBar.h; path = ../../Source/ControlBar.h; sourceTree = "SOURCE_ROOT"; };
		C0CAE13D9361E8CEFACBCE16 = { isa = PBXFileReference; lastKnownFileType = sourcecode.c.h; name = AppConfig.h; path = ../../JuceLibraryCode/AppConfig.h; sourceTree = "SOURCE_ROOT"; };
		C2F8B1D8D5D5800F67BEA836 = { isa = PBXFileReference; lastKnownFileType = wrapper.framework; name = AudioToolbox.framework; path = System/Library/Frameworks/AudioToolbox.framework; sourceTree = SDKROOT; };
		C5679C0B77AFB0F8E32F2AE1 = { isa = PBXFileReference; lastKnownFileType = sourcecode.cpp.cpp; name = MidiPlayer.cpp; path = ../../Source/MidiPlayer.cpp; sourceTree = "SOURCE_ROOT"; };
		CCACF55FDC4D7FE1415598E5 = { isa = PBXFileReference; lastKnownFileType = sourcecode.c.h; name = HelpAndAbout.h; path = ../../Source/HelpAndAbout.h; sourceTree = "SOURCE_ROOT"; };
		D1059197067AA5D0274D7C84 = { isa = PBXFileReference; lastKnownFileType = wrapper.framework; name = IOKit.framework; path = System/Library/Frameworks/IOKit.framework; sourceTree = SDKROOT; };
		D17FAD3E181206B2C3A7C7C2 = { isa = PBXFileReference; lastKnownFileType = wrapper.framework; name = CoreMIDI.framework; path = System/Library/Frameworks/CoreMIDI.framework; sourceTree = SDKROOT; };
		DA0AEAE18A1FAF2624ABE59F = { isa = PBXFileReference; lastKnownFileType = image.gif; name = icon.gif; path = ../../BinaryData/icon.gif; sourceTree = "SOURCE_ROOT"; };
		DDE3AC9204C55E54D691F783 = { isa = PBXFileReference; lastKnownFileType = sourcecode.cpp.cpp; name = ControlBar.cpp; path = ../../Source/ControlBar.cpp; sourceTree = "SOURCE_ROOT"; };
		E41F65AF56AF7E76AC219838 = { isa = PBXFileReference; lastKnownFileType = sourcecode.cpp.objcpp; name = "juce_core.mm"; path = "../../../JUCE/modules/juce_core/juce_core.mm"; sourceTree = "SOURCE_ROOT"; };
		E5B40E8AEA40BDD790EBA14C = { isa = PBXFileReference; lastKnownFileType = sourcecode.cpp.objcpp; name = "juce_data_structures.mm"; path = "../../../JUCE/modules/juce_data_structures/juce_data_structures.mm"; sourceTree = "SOURCE_ROOT"; };
		F1AD1C5299393539B43FED50 = { isa = PBXFileReference; lastKnownFileType = sourcecode.c.h; name = MidiPlayer.h; path = ../../Source/MidiPlayer.h; sourceTree = "SOURCE_ROOT"; };
		FA9D728AB1E411A4A8C22CDE = { isa = PBXFileReference; lastKnownFileType = sourcecode.c.h; name = JuceHeader.h; path = ../../JuceLibraryCode/JuceHeader.h; sourceTree = "SOURCE_ROOT"; };
		FE2EF795717A7D24CCA9E407 = { isa = PBXFileReference; lastKnownFileType = wrapper.framework; name = QuartzCore.framework; path = System/Library/Frameworks/QuartzCore.framework; sourceTree = SDKROOT; };
		85CE7CAA44649619CAACAA8F = { isa = PBXFileReference; explicitFileType = wrapper.application; includeInIndex = 0; path = MIDIPlayer.app; sourceTree = "BUILT_PRODUCTS_DIR"; };
		3479015C727667D661BD7C78 = { isa = PBXGroup; children = (
				801DCD2E9C951D100E2D03B4,
				3AB47B12F73A5964BB757348,
				DA0AEAE18A1FAF2624ABE59F,
				566194EFFDB86E61FB4D7BF2,
				4B011F4BBF11D41C291B28FC,
				02D5C91154C54B0E90E4C359,
				185FDD452E99C2523544E882 ); name = BinaryData; sourceTree = "<group>"; };
		0160DA786D5E86E372098699 = { isa = PBXGroup; children = (
				CCACF55FDC4D7FE1415598E5,
				C5679C0B77AFB0F8E32F2AE1,
				F1AD1C5299393539B43FED50,
				DDE3AC9204C55E54D691F783,
				B2D263A5578369125DD4F7D5,
				213F20F81F475EE2B3C59B1A,
				09863C14030F9259CE6C8C22,
				93C547174F7D69EDDE5BB1D3,
				A3F3B26891D3050BC5B89FCB,
				7F6A27BFBD5365811D6E98E7 ); name = Source; sourceTree = "<group>"; };
		70C60EDDB1EF800C2570129B = { isa = PBXGroup; children = (
				3479015C727667D661BD7C78,
				0160DA786D5E86E372098699 ); name = MIDIPlayer; sourceTree = "<group>"; };
		9E4A5BDBAE1EE6799F5FC55A = { isa = PBXGroup; children = (
				C0CAE13D9361E8CEFACBCE16,
				8D7256F45A3036A1126B98D6,
				35CE85CD9B873488ED3B445F,
				3B84377F410F1998AE1530FE,
				385F6C6E7239ABD285930E35,
				A361DE06DDF8523CA58344B8,
				A8DD5CD918389AD3EA5A6DA1,
				15D84F6E166242852B281BEB,
				E41F65AF56AF7E76AC219838,
				E5B40E8AEA40BDD790EBA14C,
				1E2C0FC48BD05EE8E773349E,
				9481E9A54D0A92FDF61C6B6B,
				26F40CC3674D6E1F3A0EE9BF,
				09D0368A996C6896E446F17F,
				FA9D728AB1E411A4A8C22CDE ); name = "Juce Library Code"; sourceTree = "<group>"; };
		9B8F218E1C6F755791DB6420 = { isa = PBXGroup; children = (
				9D793A705241E4A58F923A1B,
				6FCC4927265ABB1D7391C149 ); name = Resources; sourceTree = "<group>"; };
		60B23F05EFACC2F93F34210E = { isa = PBXGroup; children = (
				C2F8B1D8D5D5800F67BEA836,
				2BB05DD0F9E340AC66F8098F,
				99A044806A7443F1ED2B1F55,
				53E38B3786814A49FBC012A0,
				D17FAD3E181206B2C3A7C7C2,
				0BDC6A1C39D04E1A6690159F,
				D1059197067AA5D0274D7C84,
				FE2EF795717A7D24CCA9E407,
				7B3F4129375D173624B25912 ); name = Frameworks; sourceTree = "<group>"; };
		6296F0FC8EBFD7335B0F61A6 = { isa = PBXGroup; children = (
				85CE7CAA44649619CAACAA8F ); name = Products; sourceTree = "<group>"; };
		CBF1C81E75E0010AA78C2979 = { isa = PBXGroup; children = (
				70C60EDDB1EF800C2570129B,
				9E4A5BDBAE1EE6799F5FC55A,
				9B8F218E1C6F755791DB6420,
				60B23F05EFACC2F93F34210E,
				6296F0FC8EBFD7335B0F61A6 ); name = Source; sourceTree = "<group>"; };
		1D982322A028FA9B2108CE97 = { isa = XCBuildConfiguration; buildSettings = {
				SRCROOT = "../..";
				HEADER_SEARCH_PATHS = "../../JuceLibraryCode $(inherited)";
				GCC_OPTIMIZATION_LEVEL = 0;
				INFOPLIST_FILE = Info.plist;
				INSTALL_PATH = "$(HOME)/Applications";
				MACOSX_DEPLOYMENT_TARGET_ppc = 10.4;
				SDKROOT_ppc = macosx10.5;
				GCC_VERSION = com.apple.compilers.llvm.clang.1_0;
				CLANG_CXX_LANGUAGE_STANDARD = "c++0x";
				ONLY_ACTIVE_ARCH = YES;
				COPY_PHASE_STRIP = NO;
				GCC_DYNAMIC_NO_PIC = NO;
				GCC_PREPROCESSOR_DEFINITIONS = (
				"_DEBUG=1",
				"DEBUG=1",
				"JUCE_ObjCExtraSuffix=XYMxCf",
				"JUCER_XCODE_MAC_F6D2F4CF=1"); }; name = Debug; };
		3AA9C9950D086A5FF4B78AF6 = { isa = XCBuildConfiguration; buildSettings = {
				SRCROOT = "../..";
				HEADER_SEARCH_PATHS = "../../JuceLibraryCode $(inherited)";
				GCC_OPTIMIZATION_LEVEL = s;
				INFOPLIST_FILE = Info.plist;
				INSTALL_PATH = "$(HOME)/Applications";
				MACOSX_DEPLOYMENT_TARGET_ppc = 10.4;
				SDKROOT_ppc = macosx10.5;
				GCC_VERSION = com.apple.compilers.llvm.clang.1_0;
				CLANG_CXX_LANGUAGE_STANDARD = "c++0x";
				GCC_GENERATE_DEBUGGING_SYMBOLS = NO;
				GCC_SYMBOLS_PRIVATE_EXTERN = YES;
				GCC_PREPROCESSOR_DEFINITIONS = (
				"_NDEBUG=1",
				"NDEBUG=1",
				"JUCE_ObjCExtraSuffix=XYMxCf",
				"JUCER_XCODE_MAC_F6D2F4CF=1"); }; name = Release; };
		5A6DCC8062FF34D5157E66AC = { isa = XCBuildConfiguration; buildSettings = {
				ALWAYS_SEARCH_USER_PATHS = NO;
				GCC_C_LANGUAGE_STANDARD = c99;
				GCC_WARN_ABOUT_RETURN_TYPE = YES;
				GCC_WARN_CHECK_SWITCH_STATEMENTS = YES;
				GCC_WARN_UNUSED_VARIABLE = YES;
				GCC_WARN_MISSING_PARENTHESES = YES;
				GCC_WARN_NON_VIRTUAL_DESTRUCTOR = YES;
				GCC_WARN_TYPECHECK_CALLS_TO_PRINTF = YES;
				WARNING_CFLAGS = -Wreorder;
				GCC_MODEL_TUNING = G5;
				GCC_INLINES_ARE_PRIVATE_EXTERN = YES;
				ZERO_LINK = NO;
				DEBUG_INFORMATION_FORMAT = "dwarf";
				PRODUCT_NAME = "MIDIPlayer"; }; name = Debug; };
		13955120E0D99DE3B918D2BB = { isa = XCBuildConfiguration; buildSettings = {
				ALWAYS_SEARCH_USER_PATHS = NO;
				GCC_C_LANGUAGE_STANDARD = c99;
				GCC_WARN_ABOUT_RETURN_TYPE = YES;
				GCC_WARN_CHECK_SWITCH_STATEMENTS = YES;
				GCC_WARN_UNUSED_VARIABLE = YES;
				GCC_WARN_MISSING_PARENTHESES = YES;
				GCC_WARN_NON_VIRTUAL_DESTRUCTOR = YES;
				GCC_WARN_TYPECHECK_CALLS_TO_PRINTF = YES;
				WARNING_CFLAGS = -Wreorder;
				GCC_MODEL_TUNING = G5;
				GCC_INLINES_ARE_PRIVATE_EXTERN = YES;
				ZERO_LINK = NO;
				DEBUG_INFORMATION_FORMAT = "dwarf";
				PRODUCT_NAME = "MIDIPlayer"; }; name = Release; };
		6EC611EC6A811DAC0882A142 = { isa = XCConfigurationList; buildConfigurations = (
				5A6DCC8062FF34D5157E66AC,
				13955120E0D99DE3B918D2BB ); defaultConfigurationIsVisible = 0; defaultConfigurationName = Debug; };
		F4FE61162E0D1663A5764919 = { isa = XCConfigurationList; buildConfigurations = (
				1D982322A028FA9B2108CE97,
				3AA9C9950D086A5FF4B78AF6 ); defaultConfigurationIsVisible = 0; defaultConfigurationName = Debug; };
		A9EABC86D00ED2D6170638FF = { isa = PBXResourcesBuildPhase; buildActionMask = 2147483647; files = (
				47A7A0B8B02579317BD2075E ); runOnlyForDeploymentPostprocessing = 0; };
		6F3900224C9813502BFD5E67 = { isa = PBXSourcesBuildPhase; buildActionMask = 2147483647; files = (
				307C3162B563405B5616F31F,
				9A11CB8129C290A700A97929,
				927251711DA682E62FDB1746,
				445903247D768267973B951F,
				8F2EAD396B5B32E3D95C2554,
				41062712EDC622D504A1E9E6,
				4E44E4326B3B8A1232C06BF1,
				B2F47CF98BE461EADE3BB25B,
				D8B2C059BDF7C0FA107D3141,
				93209181F008EA26C99A3B1D,
				66A2AB081ED4DFD12B86D685,
				C1276865A9DCEB3A8A7B3178,
				60552C2CBD018B35FA6F72D6,
				67E7BD99D4A4D15FD7BEBD32,
				F8CE0D9454E01495FFCAB7B6,
				41BB4A5D720E9B20FAB44881,
				26197D741276E4A00490FD05 ); runOnlyForDeploymentPostprocessing = 0; };
		9AF3EE6E3520A590E689678D = { isa = PBXFrameworksBuildPhase; buildActionMask = 2147483647; files = (
				14CBD16817B4C5469C5079A9,
				FECD8159CF5008F0D278BC04,
				0D69208102A85131286BF508,
				D9742659C7E150F351E9996D,
				24A8633E67875CC8B27451AD,
				3740D1F94722B5D0C6099285,
				CEE56E63626166C39DC8AC0E,
				4F2338B8A9924376C5F00335,
				44A35B0836CBF5573F7DD3DD ); runOnlyForDeploymentPostprocessing = 0; };
		F038171B3116449176889120 = { isa = PBXNativeTarget; buildConfigurationList = F4FE61162E0D1663A5764919; buildPhases = (
				A9EABC86D00ED2D6170638FF,
				6F3900224C9813502BFD5E67,
				9AF3EE6E3520A590E689678D ); buildRules = ( ); dependencies = ( ); name = MIDIPlayer; productName = MIDIPlayer; productReference = 85CE7CAA44649619CAACAA8F; productInstallPath = "$(HOME)/Applications"; productType = "com.apple.product-type.application"; };
		6DDDF3C84AB84236E5E5E5B7 = { isa = PBXProject; buildConfigurationList = 6EC611EC6A811DAC0882A142; compatibilityVersion = "Xcode 3.2"; hasScannedForEncodings = 0; mainGroup = CBF1C81E75E0010AA78C2979; projectDirPath = ""; projectRoot = ""; targets = ( F038171B3116449176889120 ); };
	};
	rootObject = 6DDDF3C84AB84236E5E5E5B7;
}
