<?xml version="1.0" encoding="utf-8"?>

<Project ToolsVersion="4.0" xmlns="http://schemas.microsoft.com/developer/msbuild/2003">
  <ItemGroup>
    <Filter Include="SimpleDJ">
      <UniqueIdentifier>{B6B9AE78-4107-5308-190E-9B2954EBA2EE}</UniqueIdentifier>
    </Filter>
    <Filter Include="SimpleDJ\Core">
      <UniqueIdentifier>{93CEA994-22A0-9CAB-2AFE-EC7535F6A51D}</UniqueIdentifier>
    </Filter>
    <Filter Include="SimpleDJ\Gui">
      <UniqueIdentifier>{792E6A63-2370-21EF-635F-4318804276CA}</UniqueIdentifier>
    </Filter>
    <Filter Include="SimpleDJ\VFLib Modules">
      <UniqueIdentifier>{2DD17002-E435-68C9-603D-4016AF6F851E}</UniqueIdentifier>
    </Filter>
    <Filter Include="Juce Library Code">
      <UniqueIdentifier>{8B4D1BAA-6DB4-CAEC-A0FA-271F354D5C61}</UniqueIdentifier>
    </Filter>
  </ItemGroup>
  <ItemGroup>
    <ClCompile Include="..\..\Sources\Deck.cpp">
      <Filter>SimpleDJ\Core</Filter>
    </ClCompile>
    <ClCompile Include="..\..\Sources\FileManager.cpp">
      <Filter>SimpleDJ\Core</Filter>
    </ClCompile>
    <ClCompile Include="..\..\Sources\Mixer.cpp">
      <Filter>SimpleDJ\Core</Filter>
    </ClCompile>
    <ClCompile Include="..\..\Sources\Param.cpp">
      <Filter>SimpleDJ\Core</Filter>
    </ClCompile>
    <ClCompile Include="..\..\Sources\ParamImp.cpp">
      <Filter>SimpleDJ\Core</Filter>
    </ClCompile>
    <ClCompile Include="..\..\Sources\Params.cpp">
      <Filter>SimpleDJ\Core</Filter>
    </ClCompile>
    <ClCompile Include="..\..\Sources\ReaderPlayable.cpp">
      <Filter>SimpleDJ\Core</Filter>
    </ClCompile>
    <ClCompile Include="..\..\Sources\CApp.cpp">
      <Filter>SimpleDJ\Gui</Filter>
    </ClCompile>
    <ClCompile Include="..\..\Sources\CDeckFader.cpp">
      <Filter>SimpleDJ\Gui</Filter>
    </ClCompile>
    <ClCompile Include="..\..\Sources\CDeck.cpp">
      <Filter>SimpleDJ\Gui</Filter>
    </ClCompile>
    <ClCompile Include="..\..\Sources\CDeckLevelMeter.cpp">
      <Filter>SimpleDJ\Gui</Filter>
    </ClCompile>
    <ClCompile Include="..\..\Sources\CDeckMixer.cpp">
      <Filter>SimpleDJ\Gui</Filter>
    </ClCompile>
    <ClCompile Include="..\..\Sources\CLevelMeter.cpp">
      <Filter>SimpleDJ\Gui</Filter>
    </ClCompile>
    <ClCompile Include="..\..\Sources\CMain.cpp">
      <Filter>SimpleDJ\Gui</Filter>
    </ClCompile>
    <ClCompile Include="..\..\Sources\CMainWindow.cpp">
      <Filter>SimpleDJ\Gui</Filter>
    </ClCompile>
    <ClCompile Include="..\..\Sources\CParamToggleButton.cpp">
      <Filter>SimpleDJ\Gui</Filter>
    </ClCompile>
    <ClCompile Include="..\..\Sources\CSpeedControl.cpp">
      <Filter>SimpleDJ\Gui</Filter>
    </ClCompile>
    <ClCompile Include="..\..\..\Extern\VFLib\modules\vf_core\vf_core.cpp">
      <Filter>SimpleDJ\VFLib Modules</Filter>
    </ClCompile>
    <ClCompile Include="..\..\..\Extern\VFLib\modules\vf_concurrent\vf_concurrent.cpp">
      <Filter>SimpleDJ\VFLib Modules</Filter>
    </ClCompile>
    <ClCompile Include="..\..\..\Extern\VFLib\modules\vf_freetype\vf_freetype.c">
      <Filter>SimpleDJ\VFLib Modules</Filter>
    </ClCompile>
    <ClCompile Include="..\..\..\Extern\VFLib\modules\vf_gui\vf_gui.cpp">
      <Filter>SimpleDJ\VFLib Modules</Filter>
    </ClCompile>
    <ClCompile Include="..\..\..\Extern\VFLib\modules\vf_taglib\vf_taglib.cpp">
      <Filter>SimpleDJ\VFLib Modules</Filter>
    </ClCompile>
  </ItemGroup>
  <ItemGroup>
    <ClInclude Include="..\..\Sources\AutoLimiter.h">
      <Filter>SimpleDJ\Core</Filter>
    </ClInclude>
    <ClInclude Include="..\..\Sources\Deck.h">
      <Filter>SimpleDJ\Core</Filter>
    </ClInclude>
    <ClInclude Include="..\..\Sources\FileManager.h">
      <Filter>SimpleDJ\Core</Filter>
    </ClInclude>
    <ClInclude Include="..\..\Sources\Mixer.h">
      <Filter>SimpleDJ\Core</Filter>
    </ClInclude>
    <ClInclude Include="..\..\Sources\Param.h">
      <Filter>SimpleDJ\Core</Filter>
    </ClInclude>
    <ClInclude Include="..\..\Sources\ParamImp.h">
      <Filter>SimpleDJ\Core</Filter>
    </ClInclude>
    <ClInclude Include="..\..\Sources\Params.h">
      <Filter>SimpleDJ\Core</Filter>
    </ClInclude>
    <ClInclude Include="..\..\Sources\PeakDetector.h">
      <Filter>SimpleDJ\Core</Filter>
    </ClInclude>
    <ClInclude Include="..\..\Sources\Playable.h">
      <Filter>SimpleDJ\Core</Filter>
    </ClInclude>
    <ClInclude Include="..\..\Sources\ReaderPlayable.h">
      <Filter>SimpleDJ\Core</Filter>
    </ClInclude>
    <ClInclude Include="..\..\Sources\StandardIncludes.h">
      <Filter>SimpleDJ\Core</Filter>
    </ClInclude>
    <ClInclude Include="..\..\Sources\CDeckFader.h">
      <Filter>SimpleDJ\Gui</Filter>
    </ClInclude>
    <ClInclude Include="..\..\Sources\CApp.h">
      <Filter>SimpleDJ\Gui</Filter>
    </ClInclude>
    <ClInclude Include="..\..\Sources\CDeck.h">
      <Filter>SimpleDJ\Gui</Filter>
    </ClInclude>
    <ClInclude Include="..\..\Sources\CDeckLevelMeter.h">
      <Filter>SimpleDJ\Gui</Filter>
    </ClInclude>
    <ClInclude Include="..\..\Sources\CDeckMixer.h">
      <Filter>SimpleDJ\Gui</Filter>
    </ClInclude>
    <ClInclude Include="..\..\Sources\CLevelMeter.h">
      <Filter>SimpleDJ\Gui</Filter>
    </ClInclude>
    <ClInclude Include="..\..\Sources\CMain.h">
      <Filter>SimpleDJ\Gui</Filter>
    </ClInclude>
    <ClInclude Include="..\..\Sources\CMainWindow.h">
      <Filter>SimpleDJ\Gui</Filter>
    </ClInclude>
    <ClInclude Include="..\..\Sources\CParamToggleButton.h">
      <Filter>SimpleDJ\Gui</Filter>
    </ClInclude>
    <ClInclude Include="..\..\Sources\CSpeedControl.h">
      <Filter>SimpleDJ\Gui</Filter>
    </ClInclude>
    <ClInclude Include="..\..\JuceLibraryCode\AppConfig.h">
      <Filter>Juce Library Code</Filter>
    </ClInclude>
    <ClInclude Include="..\..\JuceLibraryCode\JuceHeader.h">
      <Filter>Juce Library Code</Filter>
    </ClInclude>
  </ItemGroup>
  <ItemGroup>
    <ResourceCompile Include=".\resources.rc">
      <Filter>Juce Library Code</Filter>
    </ResourceCompile>
  </ItemGroup>
</Project>
