<?xml version="1.0" encoding="utf-8"?>

<Project ToolsVersion="4.0" xmlns="http://schemas.microsoft.com/developer/msbuild/2003">
  <ItemGroup>
    <Filter Include="SwingSampler">
      <UniqueIdentifier>{9E5067F9-B75C-2926-85E6-990DEC00244E}</UniqueIdentifier>
    </Filter>
    <Filter Include="SwingSampler\BinaryData">
      <UniqueIdentifier>{22C0FB60-AE02-E237-B080-2F45F00D8AC0}</UniqueIdentifier>
    </Filter>
    <Filter Include="SwingSampler\Source">
      <UniqueIdentifier>{BD3F37E4-4593-147F-6AE7-1742C84CFAE8}</UniqueIdentifier>
    </Filter>
    <Filter Include="Juce Library Code">
      <UniqueIdentifier>{8B4D1BAA-6DB4-CAEC-A0FA-271F354D5C61}</UniqueIdentifier>
    </Filter>
  </ItemGroup>
  <ItemGroup>
    <ClCompile Include="..\..\BinaryData\trans.cn">
      <Filter>SwingSampler\BinaryData</Filter>
    </ClCompile>
    <ClCompile Include="..\..\BinaryData\piano.mp3">
      <Filter>SwingSampler\BinaryData</Filter>
    </ClCompile>
    <ClCompile Include="..\..\BinaryData\taiko.mp3">
      <Filter>SwingSampler\BinaryData</Filter>
    </ClCompile>
    <ClCompile Include="..\..\BinaryData\violin.mp3">
      <Filter>SwingSampler\BinaryData</Filter>
    </ClCompile>
    <ClCompile Include="..\..\BinaryData\bg.jpg">
      <Filter>SwingSampler\BinaryData</Filter>
    </ClCompile>
    <ClCompile Include="..\..\BinaryData\icon.png">
      <Filter>SwingSampler\BinaryData</Filter>
    </ClCompile>
    <ClCompile Include="..\..\Source\SineWaveVoice.cpp">
      <Filter>SwingSampler\Source</Filter>
    </ClCompile>
    <ClCompile Include="..\..\Source\SamplerSource.cpp">
      <Filter>SwingSampler\Source</Filter>
    </ClCompile>
    <ClCompile Include="..\..\Source\BaseComp.cpp">
      <Filter>SwingSampler\Source</Filter>
    </ClCompile>
    <ClCompile Include="..\..\Source\MainWindow.cpp">
      <Filter>SwingSampler\Source</Filter>
    </ClCompile>
    <ClCompile Include="..\..\Source\Main.cpp">
      <Filter>SwingSampler\Source</Filter>
    </ClCompile>
    <ClCompile Include="..\..\JuceLibraryCode\BinaryData.cpp">
      <Filter>Juce Library Code</Filter>
    </ClCompile>
    <ClCompile Include="..\..\..\JUCE\modules\juce_audio_basics\juce_audio_basics.cpp">
      <Filter>Juce Library Code</Filter>
    </ClCompile>
    <ClCompile Include="..\..\..\JUCE\modules\juce_audio_devices\juce_audio_devices.cpp">
      <Filter>Juce Library Code</Filter>
    </ClCompile>
    <ClCompile Include="..\..\..\JUCE\modules\juce_audio_formats\juce_audio_formats.cpp">
      <Filter>Juce Library Code</Filter>
    </ClCompile>
    <ClCompile Include="..\..\..\JUCE\modules\juce_audio_processors\juce_audio_processors.cpp">
      <Filter>Juce Library Code</Filter>
    </ClCompile>
    <ClCompile Include="..\..\..\JUCE\modules\juce_audio_utils\juce_audio_utils.cpp">
      <Filter>Juce Library Code</Filter>
    </ClCompile>
    <ClCompile Include="..\..\..\JUCE\modules\juce_core\juce_core.cpp">
      <Filter>Juce Library Code</Filter>
    </ClCompile>
    <ClCompile Include="..\..\..\JUCE\modules\juce_data_structures\juce_data_structures.cpp">
      <Filter>Juce Library Code</Filter>
    </ClCompile>
    <ClCompile Include="..\..\..\JUCE\modules\juce_events\juce_events.cpp">
      <Filter>Juce Library Code</Filter>
    </ClCompile>
    <ClCompile Include="..\..\..\JUCE\modules\juce_graphics\juce_graphics.cpp">
      <Filter>Juce Library Code</Filter>
    </ClCompile>
    <ClCompile Include="..\..\..\JUCE\modules\juce_gui_basics\juce_gui_basics.cpp">
      <Filter>Juce Library Code</Filter>
    </ClCompile>
    <ClCompile Include="..\..\..\JUCE\modules\juce_gui_extra\juce_gui_extra.cpp">
      <Filter>Juce Library Code</Filter>
    </ClCompile>
  </ItemGroup>
  <ItemGroup>
    <ClInclude Include="..\..\Source\SineWaveVoice.h">
      <Filter>SwingSampler\Source</Filter>
    </ClInclude>
    <ClInclude Include="..\..\Source\SamplerSource.h">
      <Filter>SwingSampler\Source</Filter>
    </ClInclude>
    <ClInclude Include="..\..\Source\BaseComp.h">
      <Filter>SwingSampler\Source</Filter>
    </ClInclude>
    <ClInclude Include="..\..\Source\MainWindow.h">
      <Filter>SwingSampler\Source</Filter>
    </ClInclude>
    <ClInclude Include="..\..\JuceLibraryCode\AppConfig.h">
      <Filter>Juce Library Code</Filter>
    </ClInclude>
    <ClInclude Include="..\..\JuceLibraryCode\BinaryData.h">
      <Filter>Juce Library Code</Filter>
    </ClInclude>
    <ClInclude Include="..\..\JuceLibraryCode\JuceHeader.h">
      <Filter>Juce Library Code</Filter>
    </ClInclude>
  </ItemGroup>
  <ItemGroup>
    <None Include=".\icon.ico">
      <Filter>Juce Library Code</Filter>
    </None>
  </ItemGroup>
  <ItemGroup>
    <ResourceCompile Include=".\resources.rc">
      <Filter>Juce Library Code</Filter>
    </ResourceCompile>
  </ItemGroup>
</Project>
